
Microsoft Visual Studio Solution File, Format Version 12.00
# Visual Studio 15
VisualStudioVersion = 15.0.26124.0
MinimumVisualStudioVersion = 15.0.26124.0
Project("{FAE04EC0-301F-11D3-BF4B-00C04F79EFBC}") = "DaoApi", "src\DaoApi\DaoApi.csproj", "{145B7368-49C9-4EEE-8ED3-0795E9E8D0FD}"
EndProject
Global
	GlobalSection(SolutionConfigurationPlatforms) = preSolution
		Debug|Any CPU = Debug|Any CPU
		Release|Any CPU = Release|Any CPU
	EndGlobalSection
	GlobalSection(ProjectConfigurationPlatforms) = postSolution
		{145B7368-49C9-4EEE-8ED3-0795E9E8D0FD}.Debug|Any CPU.ActiveCfg = Debug|Any CPU
		{145B7368-49C9-4EEE-8ED3-0795E9E8D0FD}.Debug|Any CPU.Build.0 = Debug|Any CPU
		{145B7368-49C9-4EEE-8ED3-0795E9E8D0FD}.Release|Any CPU.ActiveCfg = Release|Any CPU
		{145B7368-49C9-4EEE-8ED3-0795E9E8D0FD}.Release|Any CPU.Build.0 = Release|Any CPU
	EndGlobalSection
	GlobalSection(SolutionProperties) = preSolution
		HideSolutionNode = FALSE
	EndGlobalSection
	GlobalSection(ExtensibilityGlobals) = postSolution
		SolutionGuid = {37BDA9DB-574C-43EE-8F83-EC357F54F15E}
	EndGlobalSection
EndGlobal
