
Microsoft Visual Studio Solution File, Format Version 12.00
# Visual Studio 15
VisualStudioVersion = 15.0.26124.0
MinimumVisualStudioVersion = 15.0.26124.0
Project("{9A19103F-16F7-4668-BE54-9A1E7A4F7556}") = "DaoApi", "src\DaoApi\DaoApi.csproj", "{1D6FA598-2C61-4C1B-9B15-D430045527E6}"
EndProject
Global
	GlobalSection(SolutionConfigurationPlatforms) = preSolution
		Debug|Any CPU = Debug|Any CPU
		Release|Any CPU = Release|Any CPU
	EndGlobalSection
	GlobalSection(ProjectConfigurationPlatforms) = postSolution
		{1D6FA598-2C61-4C1B-9B15-D430045527E6}.Debug|Any CPU.ActiveCfg = Debug|Any CPU
		{1D6FA598-2C61-4C1B-9B15-D430045527E6}.Debug|Any CPU.Build.0 = Debug|Any CPU
		{1D6FA598-2C61-4C1B-9B15-D430045527E6}.Release|Any CPU.ActiveCfg = Release|Any CPU
		{1D6FA598-2C61-4C1B-9B15-D430045527E6}.Release|Any CPU.Build.0 = Release|Any CPU
	EndGlobalSection
	GlobalSection(SolutionProperties) = preSolution
		HideSolutionNode = FALSE
	EndGlobalSection
	GlobalSection(ExtensibilityGlobals) = postSolution
		SolutionGuid = {37BDA9DB-574C-43EE-8F83-EC357F54F15E}
	EndGlobalSection
EndGlobal
